
Microsoft Visual Studio Solution File, Format Version 12.00
# Visual Studio Version 16
VisualStudioVersion = 16.0.31321.278
MinimumVisualStudioVersion = 10.0.40219.1
Project("{FAE04EC0-301F-11D3-BF4B-00C04F79EFBC}") = "InventoryManagement", "Bank\InventoryManagement.csproj", "{0EB7536B-F6FB-492D-A1E2-4D74ACDBAAA7}"
EndProject
Global
	GlobalSection(SolutionConfigurationPlatforms) = preSolution
		Debug|Any CPU = Debug|Any CPU
		Release|Any CPU = Release|Any CPU
	EndGlobalSection
	GlobalSection(ProjectConfigurationPlatforms) = postSolution
		{0EB7536B-F6FB-492D-A1E2-4D74ACDBAAA7}.Debug|Any CPU.ActiveCfg = Debug|Any CPU
		{0EB7536B-F6FB-492D-A1E2-4D74ACDBAAA7}.Debug|Any CPU.Build.0 = Debug|Any CPU
		{0EB7536B-F6FB-492D-A1E2-4D74ACDBAAA7}.Release|Any CPU.ActiveCfg = Release|Any CPU
		{0EB7536B-F6FB-492D-A1E2-4D74ACDBAAA7}.Release|Any CPU.Build.0 = Release|Any CPU
	EndGlobalSection
	GlobalSection(SolutionProperties) = preSolution
		HideSolutionNode = FALSE
	EndGlobalSection
	GlobalSection(ExtensibilityGlobals) = postSolution
		SolutionGuid = {245C2FEA-6FB8-48CB-AE59-931A45BBD6E5}
	EndGlobalSection
EndGlobal
